
Microsoft Visual Studio Solution File, Format Version 12.00
# Visual Studio Version 17
VisualStudioVersion = 17.12.35707.178 d17.12
MinimumVisualStudioVersion = 10.0.40219.1
Project("{FAE04EC0-301F-11D3-BF4B-00C04F79EFBC}") = "AuctionAPI", "AuctionAPI\AuctionAPI.csproj", "{83012813-692A-445B-8C98-9B7E1C3A89E8}"
EndProject
Project("{FAE04EC0-301F-11D3-BF4B-00C04F79EFBC}") = "AuctionApplication", "AuctionApplication\AuctionApplication.csproj", "{35139D02-5A42-4E25-97ED-E4F5B87A3941}"
EndProject
Project("{FAE04EC0-301F-11D3-BF4B-00C04F79EFBC}") = "AuctionAPI.Tests", "AuctionAPI.Tests\AuctionAPI.Tests.csproj", "{CCE60EBD-F183-44CD-98FE-A4279599561D}"
EndProject
Global
	GlobalSection(SolutionConfigurationPlatforms) = preSolution
		Debug|Any CPU = Debug|Any CPU
		Release|Any CPU = Release|Any CPU
	EndGlobalSection
	GlobalSection(ProjectConfigurationPlatforms) = postSolution
		{83012813-692A-445B-8C98-9B7E1C3A89E8}.Debug|Any CPU.ActiveCfg = Debug|Any CPU
		{83012813-692A-445B-8C98-9B7E1C3A89E8}.Debug|Any CPU.Build.0 = Debug|Any CPU
		{83012813-692A-445B-8C98-9B7E1C3A89E8}.Release|Any CPU.ActiveCfg = Release|Any CPU
		{83012813-692A-445B-8C98-9B7E1C3A89E8}.Release|Any CPU.Build.0 = Release|Any CPU
		{35139D02-5A42-4E25-97ED-E4F5B87A3941}.Debug|Any CPU.ActiveCfg = Debug|Any CPU
		{35139D02-5A42-4E25-97ED-E4F5B87A3941}.Debug|Any CPU.Build.0 = Debug|Any CPU
		{35139D02-5A42-4E25-97ED-E4F5B87A3941}.Release|Any CPU.ActiveCfg = Release|Any CPU
		{35139D02-5A42-4E25-97ED-E4F5B87A3941}.Release|Any CPU.Build.0 = Release|Any CPU
		{CCE60EBD-F183-44CD-98FE-A4279599561D}.Debug|Any CPU.ActiveCfg = Debug|Any CPU
		{CCE60EBD-F183-44CD-98FE-A4279599561D}.Debug|Any CPU.Build.0 = Debug|Any CPU
		{CCE60EBD-F183-44CD-98FE-A4279599561D}.Release|Any CPU.ActiveCfg = Release|Any CPU
		{CCE60EBD-F183-44CD-98FE-A4279599561D}.Release|Any CPU.Build.0 = Release|Any CPU
	EndGlobalSection
	GlobalSection(SolutionProperties) = preSolution
		HideSolutionNode = FALSE
	EndGlobalSection
EndGlobal
